// !$*UTF8*$!
{
	archiveVersion = 1;
	classes = {
	};
	objectVersion = 56;
	objects = {

/* Begin PBXBuildFile section */
		A38C081D2B020C0000726A3D /* SafiriShopApp.swift in Sources */ = {isa = PBXBuildFile; fileRef = A38C081C2B020C0000726A3D /* SafiriShopApp.swift */; };
		A38C08212B020C0300726A3D /* Assets.xcassets in Resources */ = {isa = PBXBuildFile; fileRef = A38C08202B020C0300726A3D /* Assets.xcassets */; };
		A38C08252B020C0300726A3D /* Preview Assets.xcassets in Resources */ = {isa = PBXBuildFile; fileRef = A38C08242B020C0300726A3D /* Preview Assets.xcassets */; };
		A38C082F2B020C0300726A3D /* SafiriShopTests.swift in Sources */ = {isa = PBXBuildFile; fileRef = A38C082E2B020C0300726A3D /* SafiriShopTests.swift */; };
		A38C08392B020C0300726A3D /* SafiriShopUITests.swift in Sources */ = {isa = PBXBuildFile; fileRef = A38C08382B020C0300726A3D /* SafiriShopUITests.swift */; };
		A38C083B2B020C0300726A3D /* SafiriShopUITestsLaunchTests.swift in Sources */ = {isa = PBXBuildFile; fileRef = A38C083A2B020C0300726A3D /* SafiriShopUITestsLaunchTests.swift */; };
		A38C08482B020C3200726A3D /* Reame.MD in Resources */ = {isa = PBXBuildFile; fileRef = A38C08472B020C3200726A3D /* Reame.MD */; };
		A38C084B2B020EF600726A3D /* Gilroy-Medium.ttf in Resources */ = {isa = PBXBuildFile; fileRef = A38C084A2B020EF600726A3D /* Gilroy-Medium.ttf */; };
		A38C08502B02115400726A3D /* Gilroy-Regular.ttf in Resources */ = {isa = PBXBuildFile; fileRef = A38C084D2B02115400726A3D /* Gilroy-Regular.ttf */; };
		A38C08512B02115400726A3D /* Gilroy-SemiBold.ttf in Resources */ = {isa = PBXBuildFile; fileRef = A38C084E2B02115400726A3D /* Gilroy-SemiBold.ttf */; };
		A38C08522B02115400726A3D /* Gilroy-Bold.ttf in Resources */ = {isa = PBXBuildFile; fileRef = A38C084F2B02115400726A3D /* Gilroy-Bold.ttf */; };
		A38C08592B02129B00726A3D /* WelcomeView.swift in Sources */ = {isa = PBXBuildFile; fileRef = A38C08582B02129B00726A3D /* WelcomeView.swift */; };
		A38C085B2B02143F00726A3D /* Launch Screen.storyboard in Resources */ = {isa = PBXBuildFile; fileRef = A38C085A2B02143F00726A3D /* Launch Screen.storyboard */; };
		A38C085D2B02172F00726A3D /* UIExtension.swift in Sources */ = {isa = PBXBuildFile; fileRef = A38C085C2B02172F00726A3D /* UIExtension.swift */; };
		A38C085F2B021E0900726A3D /* RoundButton.swift in Sources */ = {isa = PBXBuildFile; fileRef = A38C085E2B021E0900726A3D /* RoundButton.swift */; };
		A38C08612B021F6000726A3D /* SigninView.swift in Sources */ = {isa = PBXBuildFile; fileRef = A38C08602B021F6000726A3D /* SigninView.swift */; };
/* End PBXBuildFile section */

/* Begin PBXContainerItemProxy section */
		A38C082B2B020C0300726A3D /* PBXContainerItemProxy */ = {
			isa = PBXContainerItemProxy;
			containerPortal = A38C08112B020C0000726A3D /* Project object */;
			proxyType = 1;
			remoteGlobalIDString = A38C08182B020C0000726A3D;
			remoteInfo = SafiriShop;
		};
		A38C08352B020C0300726A3D /* PBXContainerItemProxy */ = {
			isa = PBXContainerItemProxy;
			containerPortal = A38C08112B020C0000726A3D /* Project object */;
			proxyType = 1;
			remoteGlobalIDString = A38C08182B020C0000726A3D;
			remoteInfo = SafiriShop;
		};
/* End PBXContainerItemProxy section */

/* Begin PBXFileReference section */
		A38C08192B020C0000726A3D /* SafiriShop.app */ = {isa = PBXFileReference; explicitFileType = wrapper.application; includeInIndex = 0; path = SafiriShop.app; sourceTree = BUILT_PRODUCTS_DIR; };
		A38C081C2B020C0000726A3D /* SafiriShopApp.swift */ = {isa = PBXFileReference; lastKnownFileType = sourcecode.swift; path = SafiriShopApp.swift; sourceTree = "<group>"; };
		A38C08202B020C0300726A3D /* Assets.xcassets */ = {isa = PBXFileReference; lastKnownFileType = folder.assetcatalog; path = Assets.xcassets; sourceTree = "<group>"; };
		A38C08222B020C0300726A3D /* SafiriShop.entitlements */ = {isa = PBXFileReference; lastKnownFileType = text.plist.entitlements; path = SafiriShop.entitlements; sourceTree = "<group>"; };
		A38C08242B020C0300726A3D /* Preview Assets.xcassets */ = {isa = PBXFileReference; lastKnownFileType = folder.assetcatalog; path = "Preview Assets.xcassets"; sourceTree = "<group>"; };
		A38C082A2B020C0300726A3D /* SafiriShopTests.xctest */ = {isa = PBXFileReference; explicitFileType = wrapper.cfbundle; includeInIndex = 0; path = SafiriShopTests.xctest; sourceTree = BUILT_PRODUCTS_DIR; };
		A38C082E2B020C0300726A3D /* SafiriShopTests.swift */ = {isa = PBXFileReference; lastKnownFileType = sourcecode.swift; path = SafiriShopTests.swift; sourceTree = "<group>"; };
		A38C08342B020C0300726A3D /* SafiriShopUITests.xctest */ = {isa = PBXFileReference; explicitFileType = wrapper.cfbundle; includeInIndex = 0; path = SafiriShopUITests.xctest; sourceTree = BUILT_PRODUCTS_DIR; };
		A38C08382B020C0300726A3D /* SafiriShopUITests.swift */ = {isa = PBXFileReference; lastKnownFileType = sourcecode.swift; path = SafiriShopUITests.swift; sourceTree = "<group>"; };
		A38C083A2B020C0300726A3D /* SafiriShopUITestsLaunchTests.swift */ = {isa = PBXFileReference; lastKnownFileType = sourcecode.swift; path = SafiriShopUITestsLaunchTests.swift; sourceTree = "<group>"; };
		A38C08472B020C3200726A3D /* Reame.MD */ = {isa = PBXFileReference; lastKnownFileType = net.daringfireball.markdown; path = Reame.MD; sourceTree = "<group>"; };
		A38C084A2B020EF600726A3D /* Gilroy-Medium.ttf */ = {isa = PBXFileReference; lastKnownFileType = file; path = "Gilroy-Medium.ttf"; sourceTree = "<group>"; };
		A38C084C2B0210C200726A3D /* Info.plist */ = {isa = PBXFileReference; lastKnownFileType = text.plist; path = Info.plist; sourceTree = "<group>"; };
		A38C084D2B02115400726A3D /* Gilroy-Regular.ttf */ = {isa = PBXFileReference; lastKnownFileType = file; path = "Gilroy-Regular.ttf"; sourceTree = "<group>"; };
		A38C084E2B02115400726A3D /* Gilroy-SemiBold.ttf */ = {isa = PBXFileReference; lastKnownFileType = file; path = "Gilroy-SemiBold.ttf"; sourceTree = "<group>"; };
		A38C084F2B02115400726A3D /* Gilroy-Bold.ttf */ = {isa = PBXFileReference; lastKnownFileType = file; path = "Gilroy-Bold.ttf"; sourceTree = "<group>"; };
		A38C08582B02129B00726A3D /* WelcomeView.swift */ = {isa = PBXFileReference; lastKnownFileType = sourcecode.swift; path = WelcomeView.swift; sourceTree = "<group>"; };
		A38C085A2B02143F00726A3D /* Launch Screen.storyboard */ = {isa = PBXFileReference; lastKnownFileType = file.storyboard; path = "Launch Screen.storyboard"; sourceTree = "<group>"; };
		A38C085C2B02172F00726A3D /* UIExtension.swift */ = {isa = PBXFileReference; lastKnownFileType = sourcecode.swift; path = UIExtension.swift; sourceTree = "<group>"; };
		A38C085E2B021E0900726A3D /* RoundButton.swift */ = {isa = PBXFileReference; lastKnownFileType = sourcecode.swift; path = RoundButton.swift; sourceTree = "<group>"; };
		A38C08602B021F6000726A3D /* SigninView.swift */ = {isa = PBXFileReference; lastKnownFileType = sourcecode.swift; path = SigninView.swift; sourceTree = "<group>"; };
/* End PBXFileReference section */

/* Begin PBXFrameworksBuildPhase section */
		A38C08162B020C0000726A3D /* Frameworks */ = {
			isa = PBXFrameworksBuildPhase;
			buildActionMask = 2147483647;
			files = (
			);
			runOnlyForDeploymentPostprocessing = 0;
		};
		A38C08272B020C0300726A3D /* Frameworks */ = {
			isa = PBXFrameworksBuildPhase;
			buildActionMask = 2147483647;
			files = (
			);
			runOnlyForDeploymentPostprocessing = 0;
		};
		A38C08312B020C0300726A3D /* Frameworks */ = {
			isa = PBXFrameworksBuildPhase;
			buildActionMask = 2147483647;
			files = (
			);
			runOnlyForDeploymentPostprocessing = 0;
		};
/* End PBXFrameworksBuildPhase section */

/* Begin PBXGroup section */
		A38C08102B020C0000726A3D = {
			isa = PBXGroup;
			children = (
				A38C08472B020C3200726A3D /* Reame.MD */,
				A38C081B2B020C0000726A3D /* SafiriShop */,
				A38C082D2B020C0300726A3D /* SafiriShopTests */,
				A38C08372B020C0300726A3D /* SafiriShopUITests */,
				A38C081A2B020C0000726A3D /* Products */,
			);
			sourceTree = "<group>";
		};
		A38C081A2B020C0000726A3D /* Products */ = {
			isa = PBXGroup;
			children = (
				A38C08192B020C0000726A3D /* SafiriShop.app */,
				A38C082A2B020C0300726A3D /* SafiriShopTests.xctest */,
				A38C08342B020C0300726A3D /* SafiriShopUITests.xctest */,
			);
			name = Products;
			sourceTree = "<group>";
		};
		A38C081B2B020C0000726A3D /* SafiriShop */ = {
			isa = PBXGroup;
			children = (
				A38C08532B02121C00726A3D /* UICommon */,
				A38C08562B02123700726A3D /* View */,
				A38C08552B02122F00726A3D /* Model */,
				A38C08542B02122600726A3D /* ViewModel */,
				A38C084C2B0210C200726A3D /* Info.plist */,
				A38C08492B020C7800726A3D /* Font */,
				A38C081C2B020C0000726A3D /* SafiriShopApp.swift */,
				A38C08202B020C0300726A3D /* Assets.xcassets */,
				A38C08222B020C0300726A3D /* SafiriShop.entitlements */,
				A38C08232B020C0300726A3D /* Preview Content */,
				A38C085A2B02143F00726A3D /* Launch Screen.storyboard */,
			);
			path = SafiriShop;
			sourceTree = "<group>";
		};
		A38C08232B020C0300726A3D /* Preview Content */ = {
			isa = PBXGroup;
			children = (
				A38C08242B020C0300726A3D /* Preview Assets.xcassets */,
			);
			path = "Preview Content";
			sourceTree = "<group>";
		};
		A38C082D2B020C0300726A3D /* SafiriShopTests */ = {
			isa = PBXGroup;
			children = (
				A38C082E2B020C0300726A3D /* SafiriShopTests.swift */,
			);
			path = SafiriShopTests;
			sourceTree = "<group>";
		};
		A38C08372B020C0300726A3D /* SafiriShopUITests */ = {
			isa = PBXGroup;
			children = (
				A38C08382B020C0300726A3D /* SafiriShopUITests.swift */,
				A38C083A2B020C0300726A3D /* SafiriShopUITestsLaunchTests.swift */,
			);
			path = SafiriShopUITests;
			sourceTree = "<group>";
		};
		A38C08492B020C7800726A3D /* Font */ = {
			isa = PBXGroup;
			children = (
				A38C084F2B02115400726A3D /* Gilroy-Bold.ttf */,
				A38C084D2B02115400726A3D /* Gilroy-Regular.ttf */,
				A38C084E2B02115400726A3D /* Gilroy-SemiBold.ttf */,
				A38C084A2B020EF600726A3D /* Gilroy-Medium.ttf */,
			);
			path = Font;
			sourceTree = "<group>";
		};
		A38C08532B02121C00726A3D /* UICommon */ = {
			isa = PBXGroup;
			children = (
				A38C085C2B02172F00726A3D /* UIExtension.swift */,
				A38C085E2B021E0900726A3D /* RoundButton.swift */,
			);
			path = UICommon;
			sourceTree = "<group>";
		};
		A38C08542B02122600726A3D /* ViewModel */ = {
			isa = PBXGroup;
			children = (
			);
			path = ViewModel;
			sourceTree = "<group>";
		};
		A38C08552B02122F00726A3D /* Model */ = {
			isa = PBXGroup;
			children = (
			);
			path = Model;
			sourceTree = "<group>";
		};
		A38C08562B02123700726A3D /* View */ = {
			isa = PBXGroup;
			children = (
				A38C08572B02128800726A3D /* Login */,
			);
			path = View;
			sourceTree = "<group>";
		};
		A38C08572B02128800726A3D /* Login */ = {
			isa = PBXGroup;
			children = (
				A38C08582B02129B00726A3D /* WelcomeView.swift */,
				A38C08602B021F6000726A3D /* SigninView.swift */,
			);
			path = Login;
			sourceTree = "<group>";
		};
/* End PBXGroup section */

/* Begin PBXNativeTarget section */
		A38C08182B020C0000726A3D /* SafiriShop */ = {
			isa = PBXNativeTarget;
			buildConfigurationList = A38C083E2B020C0300726A3D /* Build configuration list for PBXNativeTarget "SafiriShop" */;
			buildPhases = (
				A38C08152B020C0000726A3D /* Sources */,
				A38C08162B020C0000726A3D /* Frameworks */,
				A38C08172B020C0000726A3D /* Resources */,
			);
			buildRules = (
			);
			dependencies = (
			);
			name = SafiriShop;
			productName = SafiriShop;
			productReference = A38C08192B020C0000726A3D /* SafiriShop.app */;
			productType = "com.apple.product-type.application";
		};
		A38C08292B020C0300726A3D /* SafiriShopTests */ = {
			isa = PBXNativeTarget;
			buildConfigurationList = A38C08412B020C0300726A3D /* Build configuration list for PBXNativeTarget "SafiriShopTests" */;
			buildPhases = (
				A38C08262B020C0300726A3D /* Sources */,
				A38C08272B020C0300726A3D /* Frameworks */,
				A38C08282B020C0300726A3D /* Resources */,
			);
			buildRules = (
			);
			dependencies = (
				A38C082C2B020C0300726A3D /* PBXTargetDependency */,
			);
			name = SafiriShopTests;
			productName = SafiriShopTests;
			productReference = A38C082A2B020C0300726A3D /* SafiriShopTests.xctest */;
			productType = "com.apple.product-type.bundle.unit-test";
		};
		A38C08332B020C0300726A3D /* SafiriShopUITests */ = {
			isa = PBXNativeTarget;
			buildConfigurationList = A38C08442B020C0300726A3D /* Build configuration list for PBXNativeTarget "SafiriShopUITests" */;
			buildPhases = (
				A38C08302B020C0300726A3D /* Sources */,
				A38C08312B020C0300726A3D /* Frameworks */,
				A38C08322B020C0300726A3D /* Resources */,
			);
			buildRules = (
			);
			dependencies = (
				A38C08362B020C0300726A3D /* PBXTargetDependency */,
			);
			name = SafiriShopUITests;
			productName = SafiriShopUITests;
			productReference = A38C08342B020C0300726A3D /* SafiriShopUITests.xctest */;
			productType = "com.apple.product-type.bundle.ui-testing";
		};
/* End PBXNativeTarget section */

/* Begin PBXProject section */
		A38C08112B020C0000726A3D /* Project object */ = {
			isa = PBXProject;
			attributes = {
				BuildIndependentTargetsInParallel = 1;
				LastSwiftUpdateCheck = 1430;
				LastUpgradeCheck = 1430;
				TargetAttributes = {
					A38C08182B020C0000726A3D = {
						CreatedOnToolsVersion = 14.3.1;
					};
					A38C08292B020C0300726A3D = {
						CreatedOnToolsVersion = 14.3.1;
						TestTargetID = A38C08182B020C0000726A3D;
					};
					A38C08332B020C0300726A3D = {
						CreatedOnToolsVersion = 14.3.1;
						TestTargetID = A38C08182B020C0000726A3D;
					};
				};
			};
			buildConfigurationList = A38C08142B020C0000726A3D /* Build configuration list for PBXProject "SafiriShop" */;
			compatibilityVersion = "Xcode 14.0";
			developmentRegion = en;
			hasScannedForEncodings = 0;
			knownRegions = (
				en,
				Base,
			);
			mainGroup = A38C08102B020C0000726A3D;
			productRefGroup = A38C081A2B020C0000726A3D /* Products */;
			projectDirPath = "";
			projectRoot = "";
			targets = (
				A38C08182B020C0000726A3D /* SafiriShop */,
				A38C08292B020C0300726A3D /* SafiriShopTests */,
				A38C08332B020C0300726A3D /* SafiriShopUITests */,
			);
		};
/* End PBXProject section */

/* Begin PBXResourcesBuildPhase section */
		A38C08172B020C0000726A3D /* Resources */ = {
			isa = PBXResourcesBuildPhase;
			buildActionMask = 2147483647;
			files = (
				A38C08502B02115400726A3D /* Gilroy-Regular.ttf in Resources */,
				A38C08512B02115400726A3D /* Gilroy-SemiBold.ttf in Resources */,
				A38C085B2B02143F00726A3D /* Launch Screen.storyboard in Resources */,
				A38C08482B020C3200726A3D /* Reame.MD in Resources */,
				A38C08522B02115400726A3D /* Gilroy-Bold.ttf in Resources */,
				A38C084B2B020EF600726A3D /* Gilroy-Medium.ttf in Resources */,
				A38C08252B020C0300726A3D /* Preview Assets.xcassets in Resources */,
				A38C08212B020C0300726A3D /* Assets.xcassets in Resources */,
			);
			runOnlyForDeploymentPostprocessing = 0;
		};
		A38C08282B020C0300726A3D /* Resources */ = {
			isa = PBXResourcesBuildPhase;
			buildActionMask = 2147483647;
			files = (
			);
			runOnlyForDeploymentPostprocessing = 0;
		};
		A38C08322B020C0300726A3D /* Resources */ = {
			isa = PBXResourcesBuildPhase;
			buildActionMask = 2147483647;
			files = (
			);
			runOnlyForDeploymentPostprocessing = 0;
		};
/* End PBXResourcesBuildPhase section */

/* Begin PBXSourcesBuildPhase section */
		A38C08152B020C0000726A3D /* Sources */ = {
			isa = PBXSourcesBuildPhase;
			buildActionMask = 2147483647;
			files = (
				A38C081D2B020C0000726A3D /* SafiriShopApp.swift in Sources */,
				A38C085D2B02172F00726A3D /* UIExtension.swift in Sources */,
				A38C08612B021F6000726A3D /* SigninView.swift in Sources */,
				A38C08592B02129B00726A3D /* WelcomeView.swift in Sources */,
				A38C085F2B021E0900726A3D /* RoundButton.swift in Sources */,
			);
			runOnlyForDeploymentPostprocessing = 0;
		};
		A38C08262B020C0300726A3D /* Sources */ = {
			isa = PBXSourcesBuildPhase;
			buildActionMask = 2147483647;
			files = (
				A38C082F2B020C0300726A3D /* SafiriShopTests.swift in Sources */,
			);
			runOnlyForDeploymentPostprocessing = 0;
		};
		A38C08302B020C0300726A3D /* Sources */ = {
			isa = PBXSourcesBuildPhase;
			buildActionMask = 2147483647;
			files = (
				A38C083B2B020C0300726A3D /* SafiriShopUITestsLaunchTests.swift in Sources */,
				A38C08392B020C0300726A3D /* SafiriShopUITests.swift in Sources */,
			);
			runOnlyForDeploymentPostprocessing = 0;
		};
/* End PBXSourcesBuildPhase section */

/* Begin PBXTargetDependency section */
		A38C082C2B020C0300726A3D /* PBXTargetDependency */ = {
			isa = PBXTargetDependency;
			target = A38C08182B020C0000726A3D /* SafiriShop */;
			targetProxy = A38C082B2B020C0300726A3D /* PBXContainerItemProxy */;
		};
		A38C08362B020C0300726A3D /* PBXTargetDependency */ = {
			isa = PBXTargetDependency;
			target = A38C08182B020C0000726A3D /* SafiriShop */;
			targetProxy = A38C08352B020C0300726A3D /* PBXContainerItemProxy */;
		};
/* End PBXTargetDependency section */

/* Begin XCBuildConfiguration section */
		A38C083C2B020C0300726A3D /* Debug */ = {
			isa = XCBuildConfiguration;
			buildSettings = {
				ALWAYS_SEARCH_USER_PATHS = NO;
				CLANG_ANALYZER_NONNULL = YES;
				CLANG_ANALYZER_NUMBER_OBJECT_CONVERSION = YES_AGGRESSIVE;
				CLANG_CXX_LANGUAGE_STANDARD = "gnu++20";
				CLANG_ENABLE_MODULES = YES;
				CLANG_ENABLE_OBJC_ARC = YES;
				CLANG_ENABLE_OBJC_WEAK = YES;
				CLANG_WARN_BLOCK_CAPTURE_AUTORELEASING = YES;
				CLANG_WARN_BOOL_CONVERSION = YES;
				CLANG_WARN_COMMA = YES;
				CLANG_WARN_CONSTANT_CONVERSION = YES;
				CLANG_WARN_DEPRECATED_OBJC_IMPLEMENTATIONS = YES;
				CLANG_WARN_DIRECT_OBJC_ISA_USAGE = YES_ERROR;
				CLANG_WARN_DOCUMENTATION_COMMENTS = YES;
				CLANG_WARN_EMPTY_BODY = YES;
				CLANG_WARN_ENUM_CONVERSION = YES;
				CLANG_WARN_INFINITE_RECURSION = YES;
				CLANG_WARN_INT_CONVERSION = YES;
				CLANG_WARN_NON_LITERAL_NULL_CONVERSION = YES;
				CLANG_WARN_OBJC_IMPLICIT_RETAIN_SELF = YES;
				CLANG_WARN_OBJC_LITERAL_CONVERSION = YES;
				CLANG_WARN_OBJC_ROOT_CLASS = YES_ERROR;
				CLANG_WARN_QUOTED_INCLUDE_IN_FRAMEWORK_HEADER = YES;
				CLANG_WARN_RANGE_LOOP_ANALYSIS = YES;
				CLANG_WARN_STRICT_PROTOTYPES = YES;
				CLANG_WARN_SUSPICIOUS_MOVE = YES;
				CLANG_WARN_UNGUARDED_AVAILABILITY = YES_AGGRESSIVE;
				CLANG_WARN_UNREACHABLE_CODE = YES;
				CLANG_WARN__DUPLICATE_METHOD_MATCH = YES;
				COPY_PHASE_STRIP = NO;
				DEBUG_INFORMATION_FORMAT = dwarf;
				ENABLE_STRICT_OBJC_MSGSEND = YES;
				ENABLE_TESTABILITY = YES;
				GCC_C_LANGUAGE_STANDARD = gnu11;
				GCC_DYNAMIC_NO_PIC = NO;
				GCC_NO_COMMON_BLOCKS = YES;
				GCC_OPTIMIZATION_LEVEL = 0;
				GCC_PREPROCESSOR_DEFINITIONS = (
					"DEBUG=1",
					"$(inherited)",
				);
				GCC_WARN_64_TO_32_BIT_CONVERSION = YES;
				GCC_WARN_ABOUT_RETURN_TYPE = YES_ERROR;
				GCC_WARN_UNDECLARED_SELECTOR = YES;
				GCC_WARN_UNINITIALIZED_AUTOS = YES_AGGRESSIVE;
				GCC_WARN_UNUSED_FUNCTION = YES;
				GCC_WARN_UNUSED_VARIABLE = YES;
				IPHONEOS_DEPLOYMENT_TARGET = 14.0;
				MACOSX_DEPLOYMENT_TARGET = 11.0;
				MTL_ENABLE_DEBUG_INFO = INCLUDE_SOURCE;
				MTL_FAST_MATH = YES;
				ONLY_ACTIVE_ARCH = YES;
				SWIFT_ACTIVE_COMPILATION_CONDITIONS = DEBUG;
				SWIFT_OPTIMIZATION_LEVEL = "-Onone";
			};
			name = Debug;
		};
		A38C083D2B020C0300726A3D /* Release */ = {
			isa = XCBuildConfiguration;
			buildSettings = {
				ALWAYS_SEARCH_USER_PATHS = NO;
				CLANG_ANALYZER_NONNULL = YES;
				CLANG_ANALYZER_NUMBER_OBJECT_CONVERSION = YES_AGGRESSIVE;
				CLANG_CXX_LANGUAGE_STANDARD = "gnu++20";
				CLANG_ENABLE_MODULES = YES;
				CLANG_ENABLE_OBJC_ARC = YES;
				CLANG_ENABLE_OBJC_WEAK = YES;
				CLANG_WARN_BLOCK_CAPTURE_AUTORELEASING = YES;
				CLANG_WARN_BOOL_CONVERSION = YES;
				CLANG_WARN_COMMA = YES;
				CLANG_WARN_CONSTANT_CONVERSION = YES;
				CLANG_WARN_DEPRECATED_OBJC_IMPLEMENTATIONS = YES;
				CLANG_WARN_DIRECT_OBJC_ISA_USAGE = YES_ERROR;
				CLANG_WARN_DOCUMENTATION_COMMENTS = YES;
				CLANG_WARN_EMPTY_BODY = YES;
				CLANG_WARN_ENUM_CONVERSION = YES;
				CLANG_WARN_INFINITE_RECURSION = YES;
				CLANG_WARN_INT_CONVERSION = YES;
				CLANG_WARN_NON_LITERAL_NULL_CONVERSION = YES;
				CLANG_WARN_OBJC_IMPLICIT_RETAIN_SELF = YES;
				CLANG_WARN_OBJC_LITERAL_CONVERSION = YES;
				CLANG_WARN_OBJC_ROOT_CLASS = YES_ERROR;
				CLANG_WARN_QUOTED_INCLUDE_IN_FRAMEWORK_HEADER = YES;
				CLANG_WARN_RANGE_LOOP_ANALYSIS = YES;
				CLANG_WARN_STRICT_PROTOTYPES = YES;
				CLANG_WARN_SUSPICIOUS_MOVE = YES;
				CLANG_WARN_UNGUARDED_AVAILABILITY = YES_AGGRESSIVE;
				CLANG_WARN_UNREACHABLE_CODE = YES;
				CLANG_WARN__DUPLICATE_METHOD_MATCH = YES;
				COPY_PHASE_STRIP = NO;
				DEBUG_INFORMATION_FORMAT = "dwarf-with-dsym";
				ENABLE_NS_ASSERTIONS = NO;
				ENABLE_STRICT_OBJC_MSGSEND = YES;
				GCC_C_LANGUAGE_STANDARD = gnu11;
				GCC_NO_COMMON_BLOCKS = YES;
				GCC_WARN_64_TO_32_BIT_CONVERSION = YES;
				GCC_WARN_ABOUT_RETURN_TYPE = YES_ERROR;
				GCC_WARN_UNDECLARED_SELECTOR = YES;
				GCC_WARN_UNINITIALIZED_AUTOS = YES_AGGRESSIVE;
				GCC_WARN_UNUSED_FUNCTION = YES;
				GCC_WARN_UNUSED_VARIABLE = YES;
				IPHONEOS_DEPLOYMENT_TARGET = 14.0;
				MACOSX_DEPLOYMENT_TARGET = 11.0;
				MTL_ENABLE_DEBUG_INFO = NO;
				MTL_FAST_MATH = YES;
				SWIFT_COMPILATION_MODE = wholemodule;
				SWIFT_OPTIMIZATION_LEVEL = "-O";
			};
			name = Release;
		};
		A38C083F2B020C0300726A3D /* Debug */ = {
			isa = XCBuildConfiguration;
			buildSettings = {
				ASSETCATALOG_COMPILER_APPICON_NAME = AppIcon;
				ASSETCATALOG_COMPILER_GLOBAL_ACCENT_COLOR_NAME = AccentColor;
				CODE_SIGN_ENTITLEMENTS = SafiriShop/SafiriShop.entitlements;
				CODE_SIGN_STYLE = Automatic;
				CURRENT_PROJECT_VERSION = 1;
				DEVELOPMENT_ASSET_PATHS = "\"SafiriShop/Preview Content\"";
				DEVELOPMENT_TEAM = R866YHG6V5;
				ENABLE_HARDENED_RUNTIME = YES;
				ENABLE_PREVIEWS = YES;
				GENERATE_INFOPLIST_FILE = YES;
				INFOPLIST_FILE = SafiriShop/Info.plist;
				"INFOPLIST_KEY_UIApplicationSceneManifest_Generation[sdk=iphoneos*]" = YES;
				"INFOPLIST_KEY_UIApplicationSceneManifest_Generation[sdk=iphonesimulator*]" = YES;
				"INFOPLIST_KEY_UIApplicationSupportsIndirectInputEvents[sdk=iphoneos*]" = YES;
				"INFOPLIST_KEY_UIApplicationSupportsIndirectInputEvents[sdk=iphonesimulator*]" = YES;
				"INFOPLIST_KEY_UILaunchScreen_Generation[sdk=iphoneos*]" = YES;
				"INFOPLIST_KEY_UILaunchScreen_Generation[sdk=iphonesimulator*]" = YES;
				INFOPLIST_KEY_UILaunchStoryboardName = "Launch Screen.storyboard";
				INFOPLIST_KEY_UIRequiresFullScreen = YES;
				"INFOPLIST_KEY_UIStatusBarStyle[sdk=iphoneos*]" = UIStatusBarStyleDefault;
				"INFOPLIST_KEY_UIStatusBarStyle[sdk=iphonesimulator*]" = UIStatusBarStyleDefault;
				INFOPLIST_KEY_UISupportedInterfaceOrientations = "UIInterfaceOrientationLandscapeLeft UIInterfaceOrientationLandscapeRight UIInterfaceOrientationPortrait";
				INFOPLIST_KEY_UISupportedInterfaceOrientations_iPad = UIInterfaceOrientationPortrait;
				IPHONEOS_DEPLOYMENT_TARGET = 14.0;
				LD_RUNPATH_SEARCH_PATHS = "@executable_path/Frameworks";
				"LD_RUNPATH_SEARCH_PATHS[sdk=macosx*]" = "@executable_path/../Frameworks";
				MACOSX_DEPLOYMENT_TARGET = 11.0;
				MARKETING_VERSION = 1.0.0;
				PRODUCT_BUNDLE_IDENTIFIER = com.safiribytes.SafiriShop;
				PRODUCT_NAME = "$(TARGET_NAME)";
				SDKROOT = auto;
				SUPPORTED_PLATFORMS = "iphoneos iphonesimulator macosx";
				SWIFT_EMIT_LOC_STRINGS = YES;
				SWIFT_VERSION = 5.0;
				TARGETED_DEVICE_FAMILY = "1,2";
			};
			name = Debug;
		};
		A38C08402B020C0300726A3D /* Release */ = {
			isa = XCBuildConfiguration;
			buildSettings = {
				ASSETCATALOG_COMPILER_APPICON_NAME = AppIcon;
				ASSETCATALOG_COMPILER_GLOBAL_ACCENT_COLOR_NAME = AccentColor;
				CODE_SIGN_ENTITLEMENTS = SafiriShop/SafiriShop.entitlements;
				CODE_SIGN_STYLE = Automatic;
				CURRENT_PROJECT_VERSION = 1;
				DEVELOPMENT_ASSET_PATHS = "\"SafiriShop/Preview Content\"";
				DEVELOPMENT_TEAM = R866YHG6V5;
				ENABLE_HARDENED_RUNTIME = YES;
				ENABLE_PREVIEWS = YES;
				GENERATE_INFOPLIST_FILE = YES;
				INFOPLIST_FILE = SafiriShop/Info.plist;
				"INFOPLIST_KEY_UIApplicationSceneManifest_Generation[sdk=iphoneos*]" = YES;
				"INFOPLIST_KEY_UIApplicationSceneManifest_Generation[sdk=iphonesimulator*]" = YES;
				"INFOPLIST_KEY_UIApplicationSupportsIndirectInputEvents[sdk=iphoneos*]" = YES;
				"INFOPLIST_KEY_UIApplicationSupportsIndirectInputEvents[sdk=iphonesimulator*]" = YES;
				"INFOPLIST_KEY_UILaunchScreen_Generation[sdk=iphoneos*]" = YES;
				"INFOPLIST_KEY_UILaunchScreen_Generation[sdk=iphonesimulator*]" = YES;
				INFOPLIST_KEY_UILaunchStoryboardName = "Launch Screen.storyboard";
				INFOPLIST_KEY_UIRequiresFullScreen = YES;
				"INFOPLIST_KEY_UIStatusBarStyle[sdk=iphoneos*]" = UIStatusBarStyleDefault;
				"INFOPLIST_KEY_UIStatusBarStyle[sdk=iphonesimulator*]" = UIStatusBarStyleDefault;
				INFOPLIST_KEY_UISupportedInterfaceOrientations = "UIInterfaceOrientationLandscapeLeft UIInterfaceOrientationLandscapeRight UIInterfaceOrientationPortrait";
				INFOPLIST_KEY_UISupportedInterfaceOrientations_iPad = UIInterfaceOrientationPortrait;
				IPHONEOS_DEPLOYMENT_TARGET = 14.0;
				LD_RUNPATH_SEARCH_PATHS = "@executable_path/Frameworks";
				"LD_RUNPATH_SEARCH_PATHS[sdk=macosx*]" = "@executable_path/../Frameworks";
				MACOSX_DEPLOYMENT_TARGET = 11.0;
				MARKETING_VERSION = 1.0.0;
				PRODUCT_BUNDLE_IDENTIFIER = com.safiribytes.SafiriShop;
				PRODUCT_NAME = "$(TARGET_NAME)";
				SDKROOT = auto;
				SUPPORTED_PLATFORMS = "iphoneos iphonesimulator macosx";
				SWIFT_EMIT_LOC_STRINGS = YES;
				SWIFT_VERSION = 5.0;
				TARGETED_DEVICE_FAMILY = "1,2";
			};
			name = Release;
		};
		A38C08422B020C0300726A3D /* Debug */ = {
			isa = XCBuildConfiguration;
			buildSettings = {
				ALWAYS_EMBED_SWIFT_STANDARD_LIBRARIES = YES;
				BUNDLE_LOADER = "$(TEST_HOST)";
				CODE_SIGN_STYLE = Automatic;
				CURRENT_PROJECT_VERSION = 1;
				DEVELOPMENT_TEAM = R866YHG6V5;
				GENERATE_INFOPLIST_FILE = YES;
				IPHONEOS_DEPLOYMENT_TARGET = 16.4;
				MACOSX_DEPLOYMENT_TARGET = 13.2;
				MARKETING_VERSION = 1.0;
				PRODUCT_BUNDLE_IDENTIFIER = com.safiribytes.SafiriShopTests;
				PRODUCT_NAME = "$(TARGET_NAME)";
				SDKROOT = auto;
				SUPPORTED_PLATFORMS = "iphoneos iphonesimulator macosx";
				SWIFT_EMIT_LOC_STRINGS = NO;
				SWIFT_VERSION = 5.0;
				TARGETED_DEVICE_FAMILY = "1,2";
				TEST_HOST = "$(BUILT_PRODUCTS_DIR)/SafiriShop.app/$(BUNDLE_EXECUTABLE_FOLDER_PATH)/SafiriShop";
			};
			name = Debug;
		};
		A38C08432B020C0300726A3D /* Release */ = {
			isa = XCBuildConfiguration;
			buildSettings = {
				ALWAYS_EMBED_SWIFT_STANDARD_LIBRARIES = YES;
				BUNDLE_LOADER = "$(TEST_HOST)";
				CODE_SIGN_STYLE = Automatic;
				CURRENT_PROJECT_VERSION = 1;
				DEVELOPMENT_TEAM = R866YHG6V5;
				GENERATE_INFOPLIST_FILE = YES;
				IPHONEOS_DEPLOYMENT_TARGET = 16.4;
				MACOSX_DEPLOYMENT_TARGET = 13.2;
				MARKETING_VERSION = 1.0;
				PRODUCT_BUNDLE_IDENTIFIER = com.safiribytes.SafiriShopTests;
				PRODUCT_NAME = "$(TARGET_NAME)";
				SDKROOT = auto;
				SUPPORTED_PLATFORMS = "iphoneos iphonesimulator macosx";
				SWIFT_EMIT_LOC_STRINGS = NO;
				SWIFT_VERSION = 5.0;
				TARGETED_DEVICE_FAMILY = "1,2";
				TEST_HOST = "$(BUILT_PRODUCTS_DIR)/SafiriShop.app/$(BUNDLE_EXECUTABLE_FOLDER_PATH)/SafiriShop";
			};
			name = Release;
		};
		A38C08452B020C0300726A3D /* Debug */ = {
			isa = XCBuildConfiguration;
			buildSettings = {
				ALWAYS_EMBED_SWIFT_STANDARD_LIBRARIES = YES;
				CODE_SIGN_STYLE = Automatic;
				CURRENT_PROJECT_VERSION = 1;
				DEVELOPMENT_TEAM = R866YHG6V5;
				GENERATE_INFOPLIST_FILE = YES;
				IPHONEOS_DEPLOYMENT_TARGET = 16.4;
				MACOSX_DEPLOYMENT_TARGET = 13.2;
				MARKETING_VERSION = 1.0;
				PRODUCT_BUNDLE_IDENTIFIER = com.safiribytes.SafiriShopUITests;
				PRODUCT_NAME = "$(TARGET_NAME)";
				SDKROOT = auto;
				SUPPORTED_PLATFORMS = "iphoneos iphonesimulator macosx";
				SWIFT_EMIT_LOC_STRINGS = NO;
				SWIFT_VERSION = 5.0;
				TARGETED_DEVICE_FAMILY = "1,2";
				TEST_TARGET_NAME = SafiriShop;
			};
			name = Debug;
		};
		A38C08462B020C0300726A3D /* Release */ = {
			isa = XCBuildConfiguration;
			buildSettings = {
				ALWAYS_EMBED_SWIFT_STANDARD_LIBRARIES = YES;
				CODE_SIGN_STYLE = Automatic;
				CURRENT_PROJECT_VERSION = 1;
				DEVELOPMENT_TEAM = R866YHG6V5;
				GENERATE_INFOPLIST_FILE = YES;
				IPHONEOS_DEPLOYMENT_TARGET = 16.4;
				MACOSX_DEPLOYMENT_TARGET = 13.2;
				MARKETING_VERSION = 1.0;
				PRODUCT_BUNDLE_IDENTIFIER = com.safiribytes.SafiriShopUITests;
				PRODUCT_NAME = "$(TARGET_NAME)";
				SDKROOT = auto;
				SUPPORTED_PLATFORMS = "iphoneos iphonesimulator macosx";
				SWIFT_EMIT_LOC_STRINGS = NO;
				SWIFT_VERSION = 5.0;
				TARGETED_DEVICE_FAMILY = "1,2";
				TEST_TARGET_NAME = SafiriShop;
			};
			name = Release;
		};
/* End XCBuildConfiguration section */

/* Begin XCConfigurationList section */
		A38C08142B020C0000726A3D /* Build configuration list for PBXProject "SafiriShop" */ = {
			isa = XCConfigurationList;
			buildConfigurations = (
				A38C083C2B020C0300726A3D /* Debug */,
				A38C083D2B020C0300726A3D /* Release */,
			);
			defaultConfigurationIsVisible = 0;
			defaultConfigurationName = Release;
		};
		A38C083E2B020C0300726A3D /* Build configuration list for PBXNativeTarget "SafiriShop" */ = {
			isa = XCConfigurationList;
			buildConfigurations = (
				A38C083F2B020C0300726A3D /* Debug */,
				A38C08402B020C0300726A3D /* Release */,
			);
			defaultConfigurationIsVisible = 0;
			defaultConfigurationName = Release;
		};
		A38C08412B020C0300726A3D /* Build configuration list for PBXNativeTarget "SafiriShopTests" */ = {
			isa = XCConfigurationList;
			buildConfigurations = (
				A38C08422B020C0300726A3D /* Debug */,
				A38C08432B020C0300726A3D /* Release */,
			);
			defaultConfigurationIsVisible = 0;
			defaultConfigurationName = Release;
		};
		A38C08442B020C0300726A3D /* Build configuration list for PBXNativeTarget "SafiriShopUITests" */ = {
			isa = XCConfigurationList;
			buildConfigurations = (
				A38C08452B020C0300726A3D /* Debug */,
				A38C08462B020C0300726A3D /* Release */,
			);
			defaultConfigurationIsVisible = 0;
			defaultConfigurationName = Release;
		};
/* End XCConfigurationList section */
	};
	rootObject = A38C08112B020C0000726A3D /* Project object */;
}
